
Microsoft Visual Studio Solution File, Format Version 12.00
# Visual Studio Version 16
VisualStudioVersion = 16.0.34114.132
MinimumVisualStudioVersion = 10.0.40219.1
Project("{FAE04EC0-301F-11D3-BF4B-00C04F79EFBC}") = "Tyuiu.SabarovDA.Sprint6.Task0.V29.Lib", "Tyuiu.SabarovDA.Sprint6.Task0.V29.Lib\Tyuiu.SabarovDA.Sprint6.Task0.V29.Lib.csproj", "{DCBC8602-0BEA-4474-ADFB-756108DD3257}"
EndProject
Project("{FAE04EC0-301F-11D3-BF4B-00C04F79EFBC}") = "Tyuiu.SabarovDA.Sprint6.Task0.V29.Test", "Tyuiu.SabarovDA.Sprint6.Task0.V29.Test\Tyuiu.SabarovDA.Sprint6.Task0.V29.Test.csproj", "{71655D31-8D76-45E7-B288-1432B684DACF}"
EndProject
Project("{2150E333-8FDC-42A3-9474-1A3956D46DE8}") = "Task0", "Task0", "{71CD7C73-8F30-4E09-8A0D-483C7BAA4533}"
EndProject
Project("{FAE04EC0-301F-11D3-BF4B-00C04F79EFBC}") = "Tyuiu.SabarovDA.Sprint6.Task0.V29", "Tyuiu.SabarovDA.Sprint6.Task0.V29\Tyuiu.SabarovDA.Sprint6.Task0.V29.csproj", "{615B2A4B-DC8D-4C38-8157-BEBDEE57F893}"
EndProject
Project("{2150E333-8FDC-42A3-9474-1A3956D46DE8}") = "Task1", "Task1", "{7E2BCAE6-CCA4-45E4-B87B-3577FCFCE9CC}"
EndProject
Project("{FAE04EC0-301F-11D3-BF4B-00C04F79EFBC}") = "Tyuiu.SabarovDA.Sprint6.Task1.V22", "Tyuiu.SabarovDA.Sprint6.Task1.V22\Tyuiu.SabarovDA.Sprint6.Task1.V22.csproj", "{0A98AD23-EFCD-49FA-93A1-1CDCCF10D3CD}"
EndProject
Project("{FAE04EC0-301F-11D3-BF4B-00C04F79EFBC}") = "Tyuiu.SabarovDA.Sprint6.Task1.V22.Test", "Tyuiu.SabarovDA.Sprint6.Task1.V22.Test\Tyuiu.SabarovDA.Sprint6.Task1.V22.Test.csproj", "{5B22FA0F-990D-45AC-B396-EDF6176D6E17}"
EndProject
Project("{FAE04EC0-301F-11D3-BF4B-00C04F79EFBC}") = "Tyuiu.SabarovDA.Sprint6.Task1.V22.Lib", "Tyuiu.SabarovDA.Sprint6.Task1.V22.Lib\Tyuiu.SabarovDA.Sprint6.Task1.V22.Lib.csproj", "{1776DA41-6C72-4AA8-A098-999C4985A609}"
EndProject
Global
	GlobalSection(SolutionConfigurationPlatforms) = preSolution
		Debug|Any CPU = Debug|Any CPU
		Release|Any CPU = Release|Any CPU
	EndGlobalSection
	GlobalSection(ProjectConfigurationPlatforms) = postSolution
		{DCBC8602-0BEA-4474-ADFB-756108DD3257}.Debug|Any CPU.ActiveCfg = Debug|Any CPU
		{DCBC8602-0BEA-4474-ADFB-756108DD3257}.Debug|Any CPU.Build.0 = Debug|Any CPU
		{DCBC8602-0BEA-4474-ADFB-756108DD3257}.Release|Any CPU.ActiveCfg = Release|Any CPU
		{DCBC8602-0BEA-4474-ADFB-756108DD3257}.Release|Any CPU.Build.0 = Release|Any CPU
		{71655D31-8D76-45E7-B288-1432B684DACF}.Debug|Any CPU.ActiveCfg = Debug|Any CPU
		{71655D31-8D76-45E7-B288-1432B684DACF}.Debug|Any CPU.Build.0 = Debug|Any CPU
		{71655D31-8D76-45E7-B288-1432B684DACF}.Release|Any CPU.ActiveCfg = Release|Any CPU
		{71655D31-8D76-45E7-B288-1432B684DACF}.Release|Any CPU.Build.0 = Release|Any CPU
		{615B2A4B-DC8D-4C38-8157-BEBDEE57F893}.Debug|Any CPU.ActiveCfg = Debug|Any CPU
		{615B2A4B-DC8D-4C38-8157-BEBDEE57F893}.Debug|Any CPU.Build.0 = Debug|Any CPU
		{615B2A4B-DC8D-4C38-8157-BEBDEE57F893}.Release|Any CPU.ActiveCfg = Release|Any CPU
		{615B2A4B-DC8D-4C38-8157-BEBDEE57F893}.Release|Any CPU.Build.0 = Release|Any CPU
		{0A98AD23-EFCD-49FA-93A1-1CDCCF10D3CD}.Debug|Any CPU.ActiveCfg = Debug|Any CPU
		{0A98AD23-EFCD-49FA-93A1-1CDCCF10D3CD}.Debug|Any CPU.Build.0 = Debug|Any CPU
		{0A98AD23-EFCD-49FA-93A1-1CDCCF10D3CD}.Release|Any CPU.ActiveCfg = Release|Any CPU
		{0A98AD23-EFCD-49FA-93A1-1CDCCF10D3CD}.Release|Any CPU.Build.0 = Release|Any CPU
		{5B22FA0F-990D-45AC-B396-EDF6176D6E17}.Debug|Any CPU.ActiveCfg = Debug|Any CPU
		{5B22FA0F-990D-45AC-B396-EDF6176D6E17}.Debug|Any CPU.Build.0 = Debug|Any CPU
		{5B22FA0F-990D-45AC-B396-EDF6176D6E17}.Release|Any CPU.ActiveCfg = Release|Any CPU
		{5B22FA0F-990D-45AC-B396-EDF6176D6E17}.Release|Any CPU.Build.0 = Release|Any CPU
		{1776DA41-6C72-4AA8-A098-999C4985A609}.Debug|Any CPU.ActiveCfg = Debug|Any CPU
		{1776DA41-6C72-4AA8-A098-999C4985A609}.Debug|Any CPU.Build.0 = Debug|Any CPU
		{1776DA41-6C72-4AA8-A098-999C4985A609}.Release|Any CPU.ActiveCfg = Release|Any CPU
		{1776DA41-6C72-4AA8-A098-999C4985A609}.Release|Any CPU.Build.0 = Release|Any CPU
	EndGlobalSection
	GlobalSection(SolutionProperties) = preSolution
		HideSolutionNode = FALSE
	EndGlobalSection
	GlobalSection(NestedProjects) = preSolution
		{DCBC8602-0BEA-4474-ADFB-756108DD3257} = {71CD7C73-8F30-4E09-8A0D-483C7BAA4533}
		{71655D31-8D76-45E7-B288-1432B684DACF} = {71CD7C73-8F30-4E09-8A0D-483C7BAA4533}
		{615B2A4B-DC8D-4C38-8157-BEBDEE57F893} = {71CD7C73-8F30-4E09-8A0D-483C7BAA4533}
		{0A98AD23-EFCD-49FA-93A1-1CDCCF10D3CD} = {7E2BCAE6-CCA4-45E4-B87B-3577FCFCE9CC}
		{5B22FA0F-990D-45AC-B396-EDF6176D6E17} = {7E2BCAE6-CCA4-45E4-B87B-3577FCFCE9CC}
		{1776DA41-6C72-4AA8-A098-999C4985A609} = {7E2BCAE6-CCA4-45E4-B87B-3577FCFCE9CC}
	EndGlobalSection
	GlobalSection(ExtensibilityGlobals) = postSolution
		SolutionGuid = {D5FA8ABF-8ADD-40C6-9BED-30830DDB77AC}
	EndGlobalSection
EndGlobal
