
Microsoft Visual Studio Solution File, Format Version 12.00
# Visual Studio Version 16
VisualStudioVersion = 16.0.34114.132
MinimumVisualStudioVersion = 10.0.40219.1
Project("{FAE04EC0-301F-11D3-BF4B-00C04F79EFBC}") = "Tyuiu.SabarovDA.Sprint6.Task0.V29.Lib", "Tyuiu.SabarovDA.Sprint6.Task0.V29.Lib\Tyuiu.SabarovDA.Sprint6.Task0.V29.Lib.csproj", "{DCBC8602-0BEA-4474-ADFB-756108DD3257}"
EndProject
Project("{FAE04EC0-301F-11D3-BF4B-00C04F79EFBC}") = "Tyuiu.SabarovDA.Sprint6.Task0.V29.Test", "Tyuiu.SabarovDA.Sprint6.Task0.V29.Test\Tyuiu.SabarovDA.Sprint6.Task0.V29.Test.csproj", "{71655D31-8D76-45E7-B288-1432B684DACF}"
EndProject
Project("{2150E333-8FDC-42A3-9474-1A3956D46DE8}") = "Task0", "Task0", "{71CD7C73-8F30-4E09-8A0D-483C7BAA4533}"
EndProject
Project("{FAE04EC0-301F-11D3-BF4B-00C04F79EFBC}") = "Tyuiu.SabarovDA.Sprint6.Task0.V29", "Tyuiu.SabarovDA.Sprint6.Task0.V29\Tyuiu.SabarovDA.Sprint6.Task0.V29.csproj", "{615B2A4B-DC8D-4C38-8157-BEBDEE57F893}"
EndProject
Project("{2150E333-8FDC-42A3-9474-1A3956D46DE8}") = "Task1", "Task1", "{7E2BCAE6-CCA4-45E4-B87B-3577FCFCE9CC}"
EndProject
Project("{FAE04EC0-301F-11D3-BF4B-00C04F79EFBC}") = "Tyuiu.SabarovDA.Sprint6.Task1.V22", "Tyuiu.SabarovDA.Sprint6.Task1.V22\Tyuiu.SabarovDA.Sprint6.Task1.V22.csproj", "{0A98AD23-EFCD-49FA-93A1-1CDCCF10D3CD}"
EndProject
Project("{FAE04EC0-301F-11D3-BF4B-00C04F79EFBC}") = "Tyuiu.SabarovDA.Sprint6.Task1.V22.Test", "Tyuiu.SabarovDA.Sprint6.Task1.V22.Test\Tyuiu.SabarovDA.Sprint6.Task1.V22.Test.csproj", "{5B22FA0F-990D-45AC-B396-EDF6176D6E17}"
EndProject
Project("{FAE04EC0-301F-11D3-BF4B-00C04F79EFBC}") = "Tyuiu.SabarovDA.Sprint6.Task1.V22.Lib", "Tyuiu.SabarovDA.Sprint6.Task1.V22.Lib\Tyuiu.SabarovDA.Sprint6.Task1.V22.Lib.csproj", "{1776DA41-6C72-4AA8-A098-999C4985A609}"
EndProject
Project("{2150E333-8FDC-42A3-9474-1A3956D46DE8}") = "Task2", "Task2", "{9A7D515E-33ED-441E-9FD3-1A6E65B714AA}"
EndProject
Project("{FAE04EC0-301F-11D3-BF4B-00C04F79EFBC}") = "Tyuiu.SabarovDA.Sprint6.Task2.V16", "Tyuiu.SabarovDA.Sprint6.Task2.V16\Tyuiu.SabarovDA.Sprint6.Task2.V16.csproj", "{8A7E37BC-E1AC-44B9-8899-223F6542192D}"
EndProject
Project("{FAE04EC0-301F-11D3-BF4B-00C04F79EFBC}") = "Tyuiu.SabarovDA.Sprint6.Task2.V16.Lib", "Tyuiu.SabarovDA.Sprint6.Task2.V16.Lib\Tyuiu.SabarovDA.Sprint6.Task2.V16.Lib.csproj", "{5497CF44-FB98-4B02-BDB8-6992CAA9ED2F}"
EndProject
Project("{FAE04EC0-301F-11D3-BF4B-00C04F79EFBC}") = "Tyuiu.SabarovDA.Sprint6.Task2.V16.Test", "Tyuiu.SabarovDA.Sprint6.Task2.V16.Test\Tyuiu.SabarovDA.Sprint6.Task2.V16.Test.csproj", "{0E392888-FE5E-4595-BCD5-131FF3506275}"
EndProject
Project("{2150E333-8FDC-42A3-9474-1A3956D46DE8}") = "Task4", "Task4", "{782B2A3A-A4E3-442C-B1C7-BFF69AC57045}"
EndProject
Project("{FAE04EC0-301F-11D3-BF4B-00C04F79EFBC}") = "Tyuiu.SabarovDA.Sprint6.Task4.V22.Lib", "Tyuiu.SabarovDA.Sprint6.Task4.V22.Lib\Tyuiu.SabarovDA.Sprint6.Task4.V22.Lib.csproj", "{EC560B12-14B4-4791-9C11-FED595967FEA}"
EndProject
Project("{FAE04EC0-301F-11D3-BF4B-00C04F79EFBC}") = "Tyuiu.SabarovDA.Sprint6.Task4.V22.Test", "Tyuiu.SabarovDA.Sprint6.Task4.V22.Test\Tyuiu.SabarovDA.Sprint6.Task4.V22.Test.csproj", "{9A3A6F96-AED6-4F4C-A566-AB68DD0AF250}"
EndProject
Project("{FAE04EC0-301F-11D3-BF4B-00C04F79EFBC}") = "Tyuiu.SabarovDA.Sprint6.Task4.V22", "Tyuiu.SabarovDA.Sprint6.Task4.V22\Tyuiu.SabarovDA.Sprint6.Task4.V22.csproj", "{FEA9470D-C6F8-461F-945D-209DFD09AC99}"
EndProject
Project("{FAE04EC0-301F-11D3-BF4B-00C04F79EFBC}") = "Tyuiu.SabarovDA.Sprint6.Task5.V30", "Tyuiu.SabarovDA.Sprint6.Task5.V30\Tyuiu.SabarovDA.Sprint6.Task5.V30.csproj", "{F2C1AF20-F784-4836-9CE8-2F556CCC3778}"
EndProject
Project("{2150E333-8FDC-42A3-9474-1A3956D46DE8}") = "Task5", "Task5", "{762646DD-38B5-4FF8-A1FF-8F0C37EFB7AE}"
EndProject
Project("{FAE04EC0-301F-11D3-BF4B-00C04F79EFBC}") = "Tyuiu.SabarovDA.Sprint6.Task5.V30.Lib", "Tyuiu.SabarovDA.Sprint6.Task5.V30.Lib\Tyuiu.SabarovDA.Sprint6.Task5.V30.Lib.csproj", "{F1566E04-91D3-47AE-98AA-432C90A094DF}"
EndProject
Project("{FAE04EC0-301F-11D3-BF4B-00C04F79EFBC}") = "Tyuiu.SabarovDA.Sprint6.Task5.V30.Test", "Tyuiu.SabarovDA.Sprint6.Task5.V30.Test\Tyuiu.SabarovDA.Sprint6.Task5.V30.Test.csproj", "{62694AED-C501-460A-962B-BFB7F16DA192}"
EndProject
Global
	GlobalSection(SolutionConfigurationPlatforms) = preSolution
		Debug|Any CPU = Debug|Any CPU
		Release|Any CPU = Release|Any CPU
	EndGlobalSection
	GlobalSection(ProjectConfigurationPlatforms) = postSolution
		{DCBC8602-0BEA-4474-ADFB-756108DD3257}.Debug|Any CPU.ActiveCfg = Debug|Any CPU
		{DCBC8602-0BEA-4474-ADFB-756108DD3257}.Debug|Any CPU.Build.0 = Debug|Any CPU
		{DCBC8602-0BEA-4474-ADFB-756108DD3257}.Release|Any CPU.ActiveCfg = Release|Any CPU
		{DCBC8602-0BEA-4474-ADFB-756108DD3257}.Release|Any CPU.Build.0 = Release|Any CPU
		{71655D31-8D76-45E7-B288-1432B684DACF}.Debug|Any CPU.ActiveCfg = Debug|Any CPU
		{71655D31-8D76-45E7-B288-1432B684DACF}.Debug|Any CPU.Build.0 = Debug|Any CPU
		{71655D31-8D76-45E7-B288-1432B684DACF}.Release|Any CPU.ActiveCfg = Release|Any CPU
		{71655D31-8D76-45E7-B288-1432B684DACF}.Release|Any CPU.Build.0 = Release|Any CPU
		{615B2A4B-DC8D-4C38-8157-BEBDEE57F893}.Debug|Any CPU.ActiveCfg = Debug|Any CPU
		{615B2A4B-DC8D-4C38-8157-BEBDEE57F893}.Debug|Any CPU.Build.0 = Debug|Any CPU
		{615B2A4B-DC8D-4C38-8157-BEBDEE57F893}.Release|Any CPU.ActiveCfg = Release|Any CPU
		{615B2A4B-DC8D-4C38-8157-BEBDEE57F893}.Release|Any CPU.Build.0 = Release|Any CPU
		{0A98AD23-EFCD-49FA-93A1-1CDCCF10D3CD}.Debug|Any CPU.ActiveCfg = Debug|Any CPU
		{0A98AD23-EFCD-49FA-93A1-1CDCCF10D3CD}.Debug|Any CPU.Build.0 = Debug|Any CPU
		{0A98AD23-EFCD-49FA-93A1-1CDCCF10D3CD}.Release|Any CPU.ActiveCfg = Release|Any CPU
		{0A98AD23-EFCD-49FA-93A1-1CDCCF10D3CD}.Release|Any CPU.Build.0 = Release|Any CPU
		{5B22FA0F-990D-45AC-B396-EDF6176D6E17}.Debug|Any CPU.ActiveCfg = Debug|Any CPU
		{5B22FA0F-990D-45AC-B396-EDF6176D6E17}.Debug|Any CPU.Build.0 = Debug|Any CPU
		{5B22FA0F-990D-45AC-B396-EDF6176D6E17}.Release|Any CPU.ActiveCfg = Release|Any CPU
		{5B22FA0F-990D-45AC-B396-EDF6176D6E17}.Release|Any CPU.Build.0 = Release|Any CPU
		{1776DA41-6C72-4AA8-A098-999C4985A609}.Debug|Any CPU.ActiveCfg = Debug|Any CPU
		{1776DA41-6C72-4AA8-A098-999C4985A609}.Debug|Any CPU.Build.0 = Debug|Any CPU
		{1776DA41-6C72-4AA8-A098-999C4985A609}.Release|Any CPU.ActiveCfg = Release|Any CPU
		{1776DA41-6C72-4AA8-A098-999C4985A609}.Release|Any CPU.Build.0 = Release|Any CPU
		{8A7E37BC-E1AC-44B9-8899-223F6542192D}.Debug|Any CPU.ActiveCfg = Debug|Any CPU
		{8A7E37BC-E1AC-44B9-8899-223F6542192D}.Debug|Any CPU.Build.0 = Debug|Any CPU
		{8A7E37BC-E1AC-44B9-8899-223F6542192D}.Release|Any CPU.ActiveCfg = Release|Any CPU
		{8A7E37BC-E1AC-44B9-8899-223F6542192D}.Release|Any CPU.Build.0 = Release|Any CPU
		{5497CF44-FB98-4B02-BDB8-6992CAA9ED2F}.Debug|Any CPU.ActiveCfg = Debug|Any CPU
		{5497CF44-FB98-4B02-BDB8-6992CAA9ED2F}.Debug|Any CPU.Build.0 = Debug|Any CPU
		{5497CF44-FB98-4B02-BDB8-6992CAA9ED2F}.Release|Any CPU.ActiveCfg = Release|Any CPU
		{5497CF44-FB98-4B02-BDB8-6992CAA9ED2F}.Release|Any CPU.Build.0 = Release|Any CPU
		{0E392888-FE5E-4595-BCD5-131FF3506275}.Debug|Any CPU.ActiveCfg = Debug|Any CPU
		{0E392888-FE5E-4595-BCD5-131FF3506275}.Debug|Any CPU.Build.0 = Debug|Any CPU
		{0E392888-FE5E-4595-BCD5-131FF3506275}.Release|Any CPU.ActiveCfg = Release|Any CPU
		{0E392888-FE5E-4595-BCD5-131FF3506275}.Release|Any CPU.Build.0 = Release|Any CPU
		{EC560B12-14B4-4791-9C11-FED595967FEA}.Debug|Any CPU.ActiveCfg = Debug|Any CPU
		{EC560B12-14B4-4791-9C11-FED595967FEA}.Debug|Any CPU.Build.0 = Debug|Any CPU
		{EC560B12-14B4-4791-9C11-FED595967FEA}.Release|Any CPU.ActiveCfg = Release|Any CPU
		{EC560B12-14B4-4791-9C11-FED595967FEA}.Release|Any CPU.Build.0 = Release|Any CPU
		{9A3A6F96-AED6-4F4C-A566-AB68DD0AF250}.Debug|Any CPU.ActiveCfg = Debug|Any CPU
		{9A3A6F96-AED6-4F4C-A566-AB68DD0AF250}.Debug|Any CPU.Build.0 = Debug|Any CPU
		{9A3A6F96-AED6-4F4C-A566-AB68DD0AF250}.Release|Any CPU.ActiveCfg = Release|Any CPU
		{9A3A6F96-AED6-4F4C-A566-AB68DD0AF250}.Release|Any CPU.Build.0 = Release|Any CPU
		{FEA9470D-C6F8-461F-945D-209DFD09AC99}.Debug|Any CPU.ActiveCfg = Debug|Any CPU
		{FEA9470D-C6F8-461F-945D-209DFD09AC99}.Debug|Any CPU.Build.0 = Debug|Any CPU
		{FEA9470D-C6F8-461F-945D-209DFD09AC99}.Release|Any CPU.ActiveCfg = Release|Any CPU
		{FEA9470D-C6F8-461F-945D-209DFD09AC99}.Release|Any CPU.Build.0 = Release|Any CPU
		{F2C1AF20-F784-4836-9CE8-2F556CCC3778}.Debug|Any CPU.ActiveCfg = Debug|Any CPU
		{F2C1AF20-F784-4836-9CE8-2F556CCC3778}.Debug|Any CPU.Build.0 = Debug|Any CPU
		{F2C1AF20-F784-4836-9CE8-2F556CCC3778}.Release|Any CPU.ActiveCfg = Release|Any CPU
		{F2C1AF20-F784-4836-9CE8-2F556CCC3778}.Release|Any CPU.Build.0 = Release|Any CPU
		{F1566E04-91D3-47AE-98AA-432C90A094DF}.Debug|Any CPU.ActiveCfg = Debug|Any CPU
		{F1566E04-91D3-47AE-98AA-432C90A094DF}.Debug|Any CPU.Build.0 = Debug|Any CPU
		{F1566E04-91D3-47AE-98AA-432C90A094DF}.Release|Any CPU.ActiveCfg = Release|Any CPU
		{F1566E04-91D3-47AE-98AA-432C90A094DF}.Release|Any CPU.Build.0 = Release|Any CPU
		{62694AED-C501-460A-962B-BFB7F16DA192}.Debug|Any CPU.ActiveCfg = Debug|Any CPU
		{62694AED-C501-460A-962B-BFB7F16DA192}.Debug|Any CPU.Build.0 = Debug|Any CPU
		{62694AED-C501-460A-962B-BFB7F16DA192}.Release|Any CPU.ActiveCfg = Release|Any CPU
		{62694AED-C501-460A-962B-BFB7F16DA192}.Release|Any CPU.Build.0 = Release|Any CPU
	EndGlobalSection
	GlobalSection(SolutionProperties) = preSolution
		HideSolutionNode = FALSE
	EndGlobalSection
	GlobalSection(NestedProjects) = preSolution
		{DCBC8602-0BEA-4474-ADFB-756108DD3257} = {71CD7C73-8F30-4E09-8A0D-483C7BAA4533}
		{71655D31-8D76-45E7-B288-1432B684DACF} = {71CD7C73-8F30-4E09-8A0D-483C7BAA4533}
		{615B2A4B-DC8D-4C38-8157-BEBDEE57F893} = {71CD7C73-8F30-4E09-8A0D-483C7BAA4533}
		{0A98AD23-EFCD-49FA-93A1-1CDCCF10D3CD} = {7E2BCAE6-CCA4-45E4-B87B-3577FCFCE9CC}
		{5B22FA0F-990D-45AC-B396-EDF6176D6E17} = {7E2BCAE6-CCA4-45E4-B87B-3577FCFCE9CC}
		{1776DA41-6C72-4AA8-A098-999C4985A609} = {7E2BCAE6-CCA4-45E4-B87B-3577FCFCE9CC}
		{8A7E37BC-E1AC-44B9-8899-223F6542192D} = {9A7D515E-33ED-441E-9FD3-1A6E65B714AA}
		{5497CF44-FB98-4B02-BDB8-6992CAA9ED2F} = {9A7D515E-33ED-441E-9FD3-1A6E65B714AA}
		{0E392888-FE5E-4595-BCD5-131FF3506275} = {9A7D515E-33ED-441E-9FD3-1A6E65B714AA}
		{EC560B12-14B4-4791-9C11-FED595967FEA} = {782B2A3A-A4E3-442C-B1C7-BFF69AC57045}
		{9A3A6F96-AED6-4F4C-A566-AB68DD0AF250} = {782B2A3A-A4E3-442C-B1C7-BFF69AC57045}
		{FEA9470D-C6F8-461F-945D-209DFD09AC99} = {782B2A3A-A4E3-442C-B1C7-BFF69AC57045}
		{F2C1AF20-F784-4836-9CE8-2F556CCC3778} = {762646DD-38B5-4FF8-A1FF-8F0C37EFB7AE}
		{F1566E04-91D3-47AE-98AA-432C90A094DF} = {762646DD-38B5-4FF8-A1FF-8F0C37EFB7AE}
		{62694AED-C501-460A-962B-BFB7F16DA192} = {762646DD-38B5-4FF8-A1FF-8F0C37EFB7AE}
	EndGlobalSection
	GlobalSection(ExtensibilityGlobals) = postSolution
		SolutionGuid = {D5FA8ABF-8ADD-40C6-9BED-30830DDB77AC}
	EndGlobalSection
EndGlobal
